
Microsoft Visual Studio Solution File, Format Version 12.00
# Visual Studio Version 17
VisualStudioVersion = 17.9.34607.119
MinimumVisualStudioVersion = 10.0.40219.1
Project("{FAE04EC0-301F-11D3-BF4B-00C04F79EFBC}") = "ConsoleApp1", "ConsoleApp1\ConsoleApp1.csproj", "{D0A34B67-D94F-42AB-B5E8-A65E370156D4}"
EndProject
Global
	GlobalSection(SolutionConfigurationPlatforms) = preSolution
		Debug|Any CPU = Debug|Any CPU
		Release|Any CPU = Release|Any CPU
	EndGlobalSection
	GlobalSection(ProjectConfigurationPlatforms) = postSolution
		{D0A34B67-D94F-42AB-B5E8-A65E370156D4}.Debug|Any CPU.ActiveCfg = Debug|Any CPU
		{D0A34B67-D94F-42AB-B5E8-A65E370156D4}.Debug|Any CPU.Build.0 = Debug|Any CPU
		{D0A34B67-D94F-42AB-B5E8-A65E370156D4}.Release|Any CPU.ActiveCfg = Release|Any CPU
		{D0A34B67-D94F-42AB-B5E8-A65E370156D4}.Release|Any CPU.Build.0 = Release|Any CPU
	EndGlobalSection
	GlobalSection(SolutionProperties) = preSolution
		HideSolutionNode = FALSE
	EndGlobalSection
	GlobalSection(ExtensibilityGlobals) = postSolution
		SolutionGuid = {8C0C8BD0-16F1-4E0F-B09A-48D3F981C6F0}
	EndGlobalSection
EndGlobal
